
Microsoft Visual Studio Solution File, Format Version 12.00
# Visual Studio Version 16
VisualStudioVersion = 16.0.30320.27
MinimumVisualStudioVersion = 10.0.40219.1
Project("{FAE04EC0-301F-11D3-BF4B-00C04F79EFBC}") = "Cognitive.Computer.Vision.Service", "Cognitive.Computer.Vision.Service\Cognitive.Computer.Vision.Service.csproj", "{07D77A21-67DC-4056-924C-35440AAEAB87}"
EndProject
Global
	GlobalSection(SolutionConfigurationPlatforms) = preSolution
		Debug|Any CPU = Debug|Any CPU
		Release|Any CPU = Release|Any CPU
	EndGlobalSection
	GlobalSection(ProjectConfigurationPlatforms) = postSolution
		{07D77A21-67DC-4056-924C-35440AAEAB87}.Debug|Any CPU.ActiveCfg = Debug|Any CPU
		{07D77A21-67DC-4056-924C-35440AAEAB87}.Debug|Any CPU.Build.0 = Debug|Any CPU
		{07D77A21-67DC-4056-924C-35440AAEAB87}.Release|Any CPU.ActiveCfg = Release|Any CPU
		{07D77A21-67DC-4056-924C-35440AAEAB87}.Release|Any CPU.Build.0 = Release|Any CPU
	EndGlobalSection
	GlobalSection(SolutionProperties) = preSolution
		HideSolutionNode = FALSE
	EndGlobalSection
	GlobalSection(ExtensibilityGlobals) = postSolution
		SolutionGuid = {A23735BC-68B5-4939-B7D1-158BDF2B0C4D}
	EndGlobalSection
EndGlobal
